
Microsoft Visual Studio Solution File, Format Version 12.00
# Visual Studio Version 16
VisualStudioVersion = 16.0.29326.143
MinimumVisualStudioVersion = 10.0.40219.1
Project("{FAE04EC0-301F-11D3-BF4B-00C04F79EFBC}") = "TestGit2", "TestGit2\TestGit2.csproj", "{3AD673EA-9025-431C-8222-82B04F6F6B31}"
EndProject
Global
	GlobalSection(SolutionConfigurationPlatforms) = preSolution
		Debug|Any CPU = Debug|Any CPU
		Release|Any CPU = Release|Any CPU
	EndGlobalSection
	GlobalSection(ProjectConfigurationPlatforms) = postSolution
		{3AD673EA-9025-431C-8222-82B04F6F6B31}.Debug|Any CPU.ActiveCfg = Debug|Any CPU
		{3AD673EA-9025-431C-8222-82B04F6F6B31}.Debug|Any CPU.Build.0 = Debug|Any CPU
		{3AD673EA-9025-431C-8222-82B04F6F6B31}.Release|Any CPU.ActiveCfg = Release|Any CPU
		{3AD673EA-9025-431C-8222-82B04F6F6B31}.Release|Any CPU.Build.0 = Release|Any CPU
	EndGlobalSection
	GlobalSection(SolutionProperties) = preSolution
		HideSolutionNode = FALSE
	EndGlobalSection
	GlobalSection(ExtensibilityGlobals) = postSolution
		SolutionGuid = {6F087896-90FD-4F28-B618-8E9F19C06CA4}
	EndGlobalSection
EndGlobal
